Microsoft Visual Studio Solution File, Format Version 12.00
# Visual Studio Version 17
VisualStudioVersion = 17.5.2.0
MinimumVisualStudioVersion = 10.0.40219.1
Project("{FAE04EC0-301F-11D3-BF4B-00C04F79EFBC}") = "OrderService.Infrastructure", "OrderService.Infrastructure\OrderService.Infrastructure.csproj", "{476D83EF-5FD8-B235-122D-A4EAB1F7AA52}"
EndProject
Project("{FAE04EC0-301F-11D3-BF4B-00C04F79EFBC}") = "OrderService.Processor", "OrderService.Processor\OrderService.Processor.csproj", "{16BAD06C-5C93-AF5B-0ACA-F368013678FC}"
EndProject
Project("{FAE04EC0-301F-11D3-BF4B-00C04F79EFBC}") = "OrderService.Core", "OrderService.Core\OrderService.Core.csproj", "{F45FA910-24B5-02DB-04BE-A146328D2B1E}"
EndProject
Project("{FAE04EC0-301F-11D3-BF4B-00C04F79EFBC}") = "OrderService.API", "OrderService.API\OrderService.API.csproj", "{68CA4184-13C1-DD4E-F076-4FC54DEBC480}"
EndProject
Project("{FAE04EC0-301F-11D3-BF4B-00C04F79EFBC}") = "OrderService.Services", "OrderService.Services\OrderService.Services.csproj", "{B70C000D-D5B9-4CCC-8699-E898CC992AAD}"
EndProject
Global
	GlobalSection(SolutionConfigurationPlatforms) = preSolution
		Debug|Any CPU = Debug|Any CPU
		Release|Any CPU = Release|Any CPU
	EndGlobalSection
	GlobalSection(ProjectConfigurationPlatforms) = postSolution
		{476D83EF-5FD8-B235-122D-A4EAB1F7AA52}.Debug|Any CPU.ActiveCfg = Debug|Any CPU
		{476D83EF-5FD8-B235-122D-A4EAB1F7AA52}.Debug|Any CPU.Build.0 = Debug|Any CPU
		{476D83EF-5FD8-B235-122D-A4EAB1F7AA52}.Release|Any CPU.ActiveCfg = Release|Any CPU
		{476D83EF-5FD8-B235-122D-A4EAB1F7AA52}.Release|Any CPU.Build.0 = Release|Any CPU
		{16BAD06C-5C93-AF5B-0ACA-F368013678FC}.Debug|Any CPU.ActiveCfg = Debug|Any CPU
		{16BAD06C-5C93-AF5B-0ACA-F368013678FC}.Debug|Any CPU.Build.0 = Debug|Any CPU
		{16BAD06C-5C93-AF5B-0ACA-F368013678FC}.Release|Any CPU.ActiveCfg = Release|Any CPU
		{16BAD06C-5C93-AF5B-0ACA-F368013678FC}.Release|Any CPU.Build.0 = Release|Any CPU
		{F45FA910-24B5-02DB-04BE-A146328D2B1E}.Debug|Any CPU.ActiveCfg = Debug|Any CPU
		{F45FA910-24B5-02DB-04BE-A146328D2B1E}.Debug|Any CPU.Build.0 = Debug|Any CPU
		{F45FA910-24B5-02DB-04BE-A146328D2B1E}.Release|Any CPU.ActiveCfg = Release|Any CPU
		{F45FA910-24B5-02DB-04BE-A146328D2B1E}.Release|Any CPU.Build.0 = Release|Any CPU
		{68CA4184-13C1-DD4E-F076-4FC54DEBC480}.Debug|Any CPU.ActiveCfg = Debug|Any CPU
		{68CA4184-13C1-DD4E-F076-4FC54DEBC480}.Debug|Any CPU.Build.0 = Debug|Any CPU
		{68CA4184-13C1-DD4E-F076-4FC54DEBC480}.Release|Any CPU.ActiveCfg = Release|Any CPU
		{68CA4184-13C1-DD4E-F076-4FC54DEBC480}.Release|Any CPU.Build.0 = Release|Any CPU
		{B70C000D-D5B9-4CCC-8699-E898CC992AAD}.Debug|Any CPU.ActiveCfg = Debug|Any CPU
		{B70C000D-D5B9-4CCC-8699-E898CC992AAD}.Debug|Any CPU.Build.0 = Debug|Any CPU
		{B70C000D-D5B9-4CCC-8699-E898CC992AAD}.Release|Any CPU.ActiveCfg = Release|Any CPU
		{B70C000D-D5B9-4CCC-8699-E898CC992AAD}.Release|Any CPU.Build.0 = Release|Any CPU
	EndGlobalSection
	GlobalSection(SolutionProperties) = preSolution
		HideSolutionNode = FALSE
	EndGlobalSection
	GlobalSection(ExtensibilityGlobals) = postSolution
		SolutionGuid = {AE1EEDCC-DB76-4DB2-BB08-A24D0D119838}
	EndGlobalSection
EndGlobal
